
Microsoft Visual Studio Solution File, Format Version 12.00
# Visual Studio Version 17
VisualStudioVersion = 17.0.31903.59
MinimumVisualStudioVersion = 10.0.40219.1
Project("{2150E333-8FDC-42A3-9474-1A3956D46DE8}") = "src", "src", "{827E0CD3-B72D-47B6-A68D-7590B98EB39B}"
EndProject
Project("{FAE04EC0-301F-11D3-BF4B-00C04F79EFBC}") = "ApartmentAssistant.Core", "src\ApartmentAssistant.Core\ApartmentAssistant.Core.csproj", "{4CC0E600-B3DD-418D-BF88-0F3F02638C7D}"
EndProject
Project("{FAE04EC0-301F-11D3-BF4B-00C04F79EFBC}") = "ApartmentAssistant.Data", "src\ApartmentAssistant.Data\ApartmentAssistant.Data.csproj", "{05AEEF64-13DA-4B33-9DE8-71D22388DAC8}"
EndProject
Project("{FAE04EC0-301F-11D3-BF4B-00C04F79EFBC}") = "ApartmentAssistant.Telegram", "src\ApartmentAssistant.Telegram\ApartmentAssistant.Telegram.csproj", "{06F12F3C-629F-4D16-8E80-85EB5FCCAB3F}"
EndProject
Project("{2150E333-8FDC-42A3-9474-1A3956D46DE8}") = "ApartmentAssistant.Selenium", "ApartmentAssistant.Selenium", "{94C20454-FA44-D77C-B6D6-61F93C0E8BD7}"
EndProject
Project("{FAE04EC0-301F-11D3-BF4B-00C04F79EFBC}") = "ApartmentAssisnant.Selenium", "src\ApartmentAssistant.Selenium\ApartmentAssisnant.Selenium.csproj", "{C18913FF-D8E9-4831-9F7B-3C2ECC5D32E6}"
EndProject
Global
	GlobalSection(SolutionConfigurationPlatforms) = preSolution
		Debug|Any CPU = Debug|Any CPU
		Debug|x64 = Debug|x64
		Debug|x86 = Debug|x86
		Release|Any CPU = Release|Any CPU
		Release|x64 = Release|x64
		Release|x86 = Release|x86
	EndGlobalSection
	GlobalSection(ProjectConfigurationPlatforms) = postSolution
		{4CC0E600-B3DD-418D-BF88-0F3F02638C7D}.Debug|Any CPU.ActiveCfg = Debug|Any CPU
		{4CC0E600-B3DD-418D-BF88-0F3F02638C7D}.Debug|Any CPU.Build.0 = Debug|Any CPU
		{4CC0E600-B3DD-418D-BF88-0F3F02638C7D}.Debug|x64.ActiveCfg = Debug|Any CPU
		{4CC0E600-B3DD-418D-BF88-0F3F02638C7D}.Debug|x64.Build.0 = Debug|Any CPU
		{4CC0E600-B3DD-418D-BF88-0F3F02638C7D}.Debug|x86.ActiveCfg = Debug|Any CPU
		{4CC0E600-B3DD-418D-BF88-0F3F02638C7D}.Debug|x86.Build.0 = Debug|Any CPU
		{4CC0E600-B3DD-418D-BF88-0F3F02638C7D}.Release|Any CPU.ActiveCfg = Release|Any CPU
		{4CC0E600-B3DD-418D-BF88-0F3F02638C7D}.Release|Any CPU.Build.0 = Release|Any CPU
		{4CC0E600-B3DD-418D-BF88-0F3F02638C7D}.Release|x64.ActiveCfg = Release|Any CPU
		{4CC0E600-B3DD-418D-BF88-0F3F02638C7D}.Release|x64.Build.0 = Release|Any CPU
		{4CC0E600-B3DD-418D-BF88-0F3F02638C7D}.Release|x86.ActiveCfg = Release|Any CPU
		{4CC0E600-B3DD-418D-BF88-0F3F02638C7D}.Release|x86.Build.0 = Release|Any CPU
		{05AEEF64-13DA-4B33-9DE8-71D22388DAC8}.Debug|Any CPU.ActiveCfg = Debug|Any CPU
		{05AEEF64-13DA-4B33-9DE8-71D22388DAC8}.Debug|Any CPU.Build.0 = Debug|Any CPU
		{05AEEF64-13DA-4B33-9DE8-71D22388DAC8}.Debug|x64.ActiveCfg = Debug|Any CPU
		{05AEEF64-13DA-4B33-9DE8-71D22388DAC8}.Debug|x64.Build.0 = Debug|Any CPU
		{05AEEF64-13DA-4B33-9DE8-71D22388DAC8}.Debug|x86.ActiveCfg = Debug|Any CPU
		{05AEEF64-13DA-4B33-9DE8-71D22388DAC8}.Debug|x86.Build.0 = Debug|Any CPU
		{05AEEF64-13DA-4B33-9DE8-71D22388DAC8}.Release|Any CPU.ActiveCfg = Release|Any CPU
		{05AEEF64-13DA-4B33-9DE8-71D22388DAC8}.Release|Any CPU.Build.0 = Release|Any CPU
		{05AEEF64-13DA-4B33-9DE8-71D22388DAC8}.Release|x64.ActiveCfg = Release|Any CPU
		{05AEEF64-13DA-4B33-9DE8-71D22388DAC8}.Release|x64.Build.0 = Release|Any CPU
		{05AEEF64-13DA-4B33-9DE8-71D22388DAC8}.Release|x86.ActiveCfg = Release|Any CPU
		{05AEEF64-13DA-4B33-9DE8-71D22388DAC8}.Release|x86.Build.0 = Release|Any CPU
		{06F12F3C-629F-4D16-8E80-85EB5FCCAB3F}.Debug|Any CPU.ActiveCfg = Debug|Any CPU
		{06F12F3C-629F-4D16-8E80-85EB5FCCAB3F}.Debug|Any CPU.Build.0 = Debug|Any CPU
		{06F12F3C-629F-4D16-8E80-85EB5FCCAB3F}.Debug|x64.ActiveCfg = Debug|Any CPU
		{06F12F3C-629F-4D16-8E80-85EB5FCCAB3F}.Debug|x64.Build.0 = Debug|Any CPU
		{06F12F3C-629F-4D16-8E80-85EB5FCCAB3F}.Debug|x86.ActiveCfg = Debug|Any CPU
		{06F12F3C-629F-4D16-8E80-85EB5FCCAB3F}.Debug|x86.Build.0 = Debug|Any CPU
		{06F12F3C-629F-4D16-8E80-85EB5FCCAB3F}.Release|Any CPU.ActiveCfg = Release|Any CPU
		{06F12F3C-629F-4D16-8E80-85EB5FCCAB3F}.Release|Any CPU.Build.0 = Release|Any CPU
		{06F12F3C-629F-4D16-8E80-85EB5FCCAB3F}.Release|x64.ActiveCfg = Release|Any CPU
		{06F12F3C-629F-4D16-8E80-85EB5FCCAB3F}.Release|x64.Build.0 = Release|Any CPU
		{06F12F3C-629F-4D16-8E80-85EB5FCCAB3F}.Release|x86.ActiveCfg = Release|Any CPU
		{06F12F3C-629F-4D16-8E80-85EB5FCCAB3F}.Release|x86.Build.0 = Release|Any CPU
		{C18913FF-D8E9-4831-9F7B-3C2ECC5D32E6}.Debug|Any CPU.ActiveCfg = Debug|Any CPU
		{C18913FF-D8E9-4831-9F7B-3C2ECC5D32E6}.Debug|Any CPU.Build.0 = Debug|Any CPU
		{C18913FF-D8E9-4831-9F7B-3C2ECC5D32E6}.Debug|x64.ActiveCfg = Debug|Any CPU
		{C18913FF-D8E9-4831-9F7B-3C2ECC5D32E6}.Debug|x64.Build.0 = Debug|Any CPU
		{C18913FF-D8E9-4831-9F7B-3C2ECC5D32E6}.Debug|x86.ActiveCfg = Debug|Any CPU
		{C18913FF-D8E9-4831-9F7B-3C2ECC5D32E6}.Debug|x86.Build.0 = Debug|Any CPU
		{C18913FF-D8E9-4831-9F7B-3C2ECC5D32E6}.Release|Any CPU.ActiveCfg = Release|Any CPU
		{C18913FF-D8E9-4831-9F7B-3C2ECC5D32E6}.Release|Any CPU.Build.0 = Release|Any CPU
		{C18913FF-D8E9-4831-9F7B-3C2ECC5D32E6}.Release|x64.ActiveCfg = Release|Any CPU
		{C18913FF-D8E9-4831-9F7B-3C2ECC5D32E6}.Release|x64.Build.0 = Release|Any CPU
		{C18913FF-D8E9-4831-9F7B-3C2ECC5D32E6}.Release|x86.ActiveCfg = Release|Any CPU
		{C18913FF-D8E9-4831-9F7B-3C2ECC5D32E6}.Release|x86.Build.0 = Release|Any CPU
	EndGlobalSection
	GlobalSection(SolutionProperties) = preSolution
		HideSolutionNode = FALSE
	EndGlobalSection
	GlobalSection(NestedProjects) = preSolution
		{4CC0E600-B3DD-418D-BF88-0F3F02638C7D} = {827E0CD3-B72D-47B6-A68D-7590B98EB39B}
		{05AEEF64-13DA-4B33-9DE8-71D22388DAC8} = {827E0CD3-B72D-47B6-A68D-7590B98EB39B}
		{06F12F3C-629F-4D16-8E80-85EB5FCCAB3F} = {827E0CD3-B72D-47B6-A68D-7590B98EB39B}
		{94C20454-FA44-D77C-B6D6-61F93C0E8BD7} = {827E0CD3-B72D-47B6-A68D-7590B98EB39B}
		{C18913FF-D8E9-4831-9F7B-3C2ECC5D32E6} = {94C20454-FA44-D77C-B6D6-61F93C0E8BD7}
	EndGlobalSection
EndGlobal
